
Microsoft Visual Studio Solution File, Format Version 12.00
# Visual Studio Version 16
VisualStudioVersion = 16.0.31129.286
MinimumVisualStudioVersion = 10.0.40219.1
Project("{FAE04EC0-301F-11D3-BF4B-00C04F79EFBC}") = "Vidly", "Vidly\Vidly.csproj", "{CA166CE2-332B-4453-93B5-23BC2C97A7CB}"
EndProject
Global
	GlobalSection(SolutionConfigurationPlatforms) = preSolution
		Debug|Any CPU = Debug|Any CPU
		Release|Any CPU = Release|Any CPU
	EndGlobalSection
	GlobalSection(ProjectConfigurationPlatforms) = postSolution
		{CA166CE2-332B-4453-93B5-23BC2C97A7CB}.Debug|Any CPU.ActiveCfg = Debug|Any CPU
		{CA166CE2-332B-4453-93B5-23BC2C97A7CB}.Debug|Any CPU.Build.0 = Debug|Any CPU
		{CA166CE2-332B-4453-93B5-23BC2C97A7CB}.Release|Any CPU.ActiveCfg = Release|Any CPU
		{CA166CE2-332B-4453-93B5-23BC2C97A7CB}.Release|Any CPU.Build.0 = Release|Any CPU
	EndGlobalSection
	GlobalSection(SolutionProperties) = preSolution
		HideSolutionNode = FALSE
	EndGlobalSection
	GlobalSection(ExtensibilityGlobals) = postSolution
		SolutionGuid = {2497567A-C7F3-4CC6-B458-5443D875201A}
	EndGlobalSection
EndGlobal
